
Microsoft Visual Studio Solution File, Format Version 12.00
# Visual Studio 15
VisualStudioVersion = 15.0.27130.2020
MinimumVisualStudioVersion = 10.0.40219.1
Project("{FAE04EC0-301F-11D3-BF4B-00C04F79EFBC}") = "PrinterManager", "PrinterManager\PrinterManager.csproj", "{43B42F1E-E3F3-4870-9B28-F3236ABF5B23}"
EndProject
Project("{FAE04EC0-301F-11D3-BF4B-00C04F79EFBC}") = "Update", "..\Update\Update.csproj", "{5BB4E2F4-67A5-4CA5-9A9D-265368B78D74}"
	ProjectSection(ProjectDependencies) = postProject
		{43B42F1E-E3F3-4870-9B28-F3236ABF5B23} = {43B42F1E-E3F3-4870-9B28-F3236ABF5B23}
	EndProjectSection
EndProject
Global
	GlobalSection(SolutionConfigurationPlatforms) = preSolution
		Debug|Any CPU = Debug|Any CPU
		Debug|Mixed Platforms = Debug|Mixed Platforms
		Debug|x86 = Debug|x86
		Release|Any CPU = Release|Any CPU
		Release|Mixed Platforms = Release|Mixed Platforms
		Release|x86 = Release|x86
	EndGlobalSection
	GlobalSection(ProjectConfigurationPlatforms) = postSolution
		{43B42F1E-E3F3-4870-9B28-F3236ABF5B23}.Debug|Any CPU.ActiveCfg = Debug|x86
		{43B42F1E-E3F3-4870-9B28-F3236ABF5B23}.Debug|Any CPU.Build.0 = Debug|x86
		{43B42F1E-E3F3-4870-9B28-F3236ABF5B23}.Debug|Mixed Platforms.ActiveCfg = Debug|x86
		{43B42F1E-E3F3-4870-9B28-F3236ABF5B23}.Debug|Mixed Platforms.Build.0 = Debug|x86
		{43B42F1E-E3F3-4870-9B28-F3236ABF5B23}.Debug|x86.ActiveCfg = Debug|x86
		{43B42F1E-E3F3-4870-9B28-F3236ABF5B23}.Debug|x86.Build.0 = Debug|x86
		{43B42F1E-E3F3-4870-9B28-F3236ABF5B23}.Release|Any CPU.ActiveCfg = Release|x86
		{43B42F1E-E3F3-4870-9B28-F3236ABF5B23}.Release|Mixed Platforms.ActiveCfg = Release|x86
		{43B42F1E-E3F3-4870-9B28-F3236ABF5B23}.Release|Mixed Platforms.Build.0 = Release|x86
		{43B42F1E-E3F3-4870-9B28-F3236ABF5B23}.Release|x86.ActiveCfg = Release|x86
		{43B42F1E-E3F3-4870-9B28-F3236ABF5B23}.Release|x86.Build.0 = Release|x86
		{5BB4E2F4-67A5-4CA5-9A9D-265368B78D74}.Debug|Any CPU.ActiveCfg = Debug|x86
		{5BB4E2F4-67A5-4CA5-9A9D-265368B78D74}.Debug|Mixed Platforms.ActiveCfg = Debug|x86
		{5BB4E2F4-67A5-4CA5-9A9D-265368B78D74}.Debug|Mixed Platforms.Build.0 = Debug|x86
		{5BB4E2F4-67A5-4CA5-9A9D-265368B78D74}.Debug|x86.ActiveCfg = Debug|x86
		{5BB4E2F4-67A5-4CA5-9A9D-265368B78D74}.Debug|x86.Build.0 = Debug|x86
		{5BB4E2F4-67A5-4CA5-9A9D-265368B78D74}.Release|Any CPU.ActiveCfg = Release|x86
		{5BB4E2F4-67A5-4CA5-9A9D-265368B78D74}.Release|Mixed Platforms.ActiveCfg = Release|x86
		{5BB4E2F4-67A5-4CA5-9A9D-265368B78D74}.Release|Mixed Platforms.Build.0 = Release|x86
		{5BB4E2F4-67A5-4CA5-9A9D-265368B78D74}.Release|x86.ActiveCfg = Release|x86
		{5BB4E2F4-67A5-4CA5-9A9D-265368B78D74}.Release|x86.Build.0 = Release|x86
	EndGlobalSection
	GlobalSection(SolutionProperties) = preSolution
		HideSolutionNode = FALSE
	EndGlobalSection
	GlobalSection(ExtensibilityGlobals) = postSolution
		SolutionGuid = {FC3C7E82-CDB2-4EDA-A17B-C8173F2E56A8}
	EndGlobalSection
EndGlobal
